
Microsoft Visual Studio Solution File, Format Version 12.00
Project("{FAE04EC0-301F-11D3-BF4B-00C04F79EFBC}") = "SignalRChatJS", "SignalRChatJS.csproj", "{EA96AF44-D624-4B3A-A8ED-EA8F32E946BA}"
EndProject
Global
	GlobalSection(SolutionConfigurationPlatforms) = preSolution
		Debug|Any CPU = Debug|Any CPU
		Release|Any CPU = Release|Any CPU
	EndGlobalSection
	GlobalSection(ProjectConfigurationPlatforms) = postSolution
		{EA96AF44-D624-4B3A-A8ED-EA8F32E946BA}.Debug|Any CPU.ActiveCfg = Debug|Any CPU
		{EA96AF44-D624-4B3A-A8ED-EA8F32E946BA}.Debug|Any CPU.Build.0 = Debug|Any CPU
		{EA96AF44-D624-4B3A-A8ED-EA8F32E946BA}.Release|Any CPU.ActiveCfg = Release|Any CPU
		{EA96AF44-D624-4B3A-A8ED-EA8F32E946BA}.Release|Any CPU.Build.0 = Release|Any CPU
	EndGlobalSection
EndGlobal
